
Microsoft Visual Studio Solution File, Format Version 12.00
# Visual Studio Version 17
VisualStudioVersion = 17.5.002.0
MinimumVisualStudioVersion = 10.0.40219.1
Project("{9A19103F-16F7-4668-BE54-9A1E7A4F7556}") = "Moedas", "Moedas.csproj", "{956D2865-CEC5-45EE-A02C-552409B6A60F}"
EndProject
Global
	GlobalSection(SolutionConfigurationPlatforms) = preSolution
		Debug|Any CPU = Debug|Any CPU
		Release|Any CPU = Release|Any CPU
	EndGlobalSection
	GlobalSection(ProjectConfigurationPlatforms) = postSolution
		{956D2865-CEC5-45EE-A02C-552409B6A60F}.Debug|Any CPU.ActiveCfg = Debug|Any CPU
		{956D2865-CEC5-45EE-A02C-552409B6A60F}.Debug|Any CPU.Build.0 = Debug|Any CPU
		{956D2865-CEC5-45EE-A02C-552409B6A60F}.Release|Any CPU.ActiveCfg = Release|Any CPU
		{956D2865-CEC5-45EE-A02C-552409B6A60F}.Release|Any CPU.Build.0 = Release|Any CPU
	EndGlobalSection
	GlobalSection(SolutionProperties) = preSolution
		HideSolutionNode = FALSE
	EndGlobalSection
	GlobalSection(ExtensibilityGlobals) = postSolution
		SolutionGuid = {57723E30-2D6A-46A9-A8D0-06E92A8CE5BF}
	EndGlobalSection
EndGlobal
