
Microsoft Visual Studio Solution File, Format Version 12.00
# Visual Studio Version 17
VisualStudioVersion = 17.5.002.0
MinimumVisualStudioVersion = 10.0.40219.1
Project("{9A19103F-16F7-4668-BE54-9A1E7A4F7556}") = "Datas", "Datas.csproj", "{A2E90DD1-EFED-4D64-8753-72196B97B0B1}"
EndProject
Global
	GlobalSection(SolutionConfigurationPlatforms) = preSolution
		Debug|Any CPU = Debug|Any CPU
		Release|Any CPU = Release|Any CPU
	EndGlobalSection
	GlobalSection(ProjectConfigurationPlatforms) = postSolution
		{A2E90DD1-EFED-4D64-8753-72196B97B0B1}.Debug|Any CPU.ActiveCfg = Debug|Any CPU
		{A2E90DD1-EFED-4D64-8753-72196B97B0B1}.Debug|Any CPU.Build.0 = Debug|Any CPU
		{A2E90DD1-EFED-4D64-8753-72196B97B0B1}.Release|Any CPU.ActiveCfg = Release|Any CPU
		{A2E90DD1-EFED-4D64-8753-72196B97B0B1}.Release|Any CPU.Build.0 = Release|Any CPU
	EndGlobalSection
	GlobalSection(SolutionProperties) = preSolution
		HideSolutionNode = FALSE
	EndGlobalSection
	GlobalSection(ExtensibilityGlobals) = postSolution
		SolutionGuid = {101C3452-A62B-416A-A774-BD580704A96A}
	EndGlobalSection
EndGlobal
